
Microsoft Visual Studio Solution File, Format Version 12.00
# Visual Studio Version 17
VisualStudioVersion = 17.4.33213.308
MinimumVisualStudioVersion = 10.0.40219.1
Project("{9A19103F-16F7-4668-BE54-9A1E7A4F7556}") = "Templates", "Templates\Templates.csproj", "{A72F498C-8593-4D09-866B-7EA01001B73E}"
EndProject
Project("{FAE04EC0-301F-11D3-BF4B-00C04F79EFBC}") = "Templates.Tests", "Templates.Tests\Templates.Tests.csproj", "{C9DF3E91-102F-45F2-94C8-8B01EBACA207}"
EndProject
Global
	GlobalSection(SolutionConfigurationPlatforms) = preSolution
		Debug|Any CPU = Debug|Any CPU
		Release|Any CPU = Release|Any CPU
		Test|Any CPU = Test|Any CPU
	EndGlobalSection
	GlobalSection(ProjectConfigurationPlatforms) = postSolution
		{A72F498C-8593-4D09-866B-7EA01001B73E}.Debug|Any CPU.ActiveCfg = Debug|Any CPU
		{A72F498C-8593-4D09-866B-7EA01001B73E}.Debug|Any CPU.Build.0 = Debug|Any CPU
		{A72F498C-8593-4D09-866B-7EA01001B73E}.Release|Any CPU.ActiveCfg = Release|Any CPU
		{A72F498C-8593-4D09-866B-7EA01001B73E}.Release|Any CPU.Build.0 = Release|Any CPU
		{A72F498C-8593-4D09-866B-7EA01001B73E}.Test|Any CPU.ActiveCfg = Test|Any CPU
		{A72F498C-8593-4D09-866B-7EA01001B73E}.Test|Any CPU.Build.0 = Test|Any CPU
		{C9DF3E91-102F-45F2-94C8-8B01EBACA207}.Debug|Any CPU.ActiveCfg = Debug|Any CPU
		{C9DF3E91-102F-45F2-94C8-8B01EBACA207}.Debug|Any CPU.Build.0 = Debug|Any CPU
		{C9DF3E91-102F-45F2-94C8-8B01EBACA207}.Release|Any CPU.ActiveCfg = Release|Any CPU
		{C9DF3E91-102F-45F2-94C8-8B01EBACA207}.Release|Any CPU.Build.0 = Release|Any CPU
		{C9DF3E91-102F-45F2-94C8-8B01EBACA207}.Test|Any CPU.ActiveCfg = Debug|Any CPU
		{C9DF3E91-102F-45F2-94C8-8B01EBACA207}.Test|Any CPU.Build.0 = Debug|Any CPU
	EndGlobalSection
	GlobalSection(SolutionProperties) = preSolution
		HideSolutionNode = FALSE
	EndGlobalSection
	GlobalSection(ExtensibilityGlobals) = postSolution
		SolutionGuid = {737FA2C4-47F0-4BC8-B6C6-D62C772C8E61}
	EndGlobalSection
EndGlobal
